
Microsoft Visual Studio Solution File, Format Version 12.00
# Visual Studio Version 16
VisualStudioVersion = 16.0.29230.47
MinimumVisualStudioVersion = 10.0.40219.1
Project("{FAE04EC0-301F-11D3-BF4B-00C04F79EFBC}") = "WpfAppFileManager", "WpfAppFileManager\WpfAppFileManager.csproj", "{609AC9AC-41BC-484A-B9A9-65E8C102E53D}"
EndProject
Project("{FAE04EC0-301F-11D3-BF4B-00C04F79EFBC}") = "FileMenagerIAsincResult", "FileMenagerIAsincResult\FileMenagerIAsincResult.csproj", "{1490D0DA-5A7D-4B1B-9600-5EA67BD3B3F0}"
EndProject
Project("{FAE04EC0-301F-11D3-BF4B-00C04F79EFBC}") = "FileManagerTPL", "FileManagerTPL\FileManagerTPL.csproj", "{A280F4A0-5A0B-481A-BD8A-B0D402BF5078}"
EndProject
Global
	GlobalSection(SolutionConfigurationPlatforms) = preSolution
		Debug|Any CPU = Debug|Any CPU
		Release|Any CPU = Release|Any CPU
	EndGlobalSection
	GlobalSection(ProjectConfigurationPlatforms) = postSolution
		{609AC9AC-41BC-484A-B9A9-65E8C102E53D}.Debug|Any CPU.ActiveCfg = Debug|Any CPU
		{609AC9AC-41BC-484A-B9A9-65E8C102E53D}.Debug|Any CPU.Build.0 = Debug|Any CPU
		{609AC9AC-41BC-484A-B9A9-65E8C102E53D}.Release|Any CPU.ActiveCfg = Release|Any CPU
		{609AC9AC-41BC-484A-B9A9-65E8C102E53D}.Release|Any CPU.Build.0 = Release|Any CPU
		{1490D0DA-5A7D-4B1B-9600-5EA67BD3B3F0}.Debug|Any CPU.ActiveCfg = Debug|Any CPU
		{1490D0DA-5A7D-4B1B-9600-5EA67BD3B3F0}.Debug|Any CPU.Build.0 = Debug|Any CPU
		{1490D0DA-5A7D-4B1B-9600-5EA67BD3B3F0}.Release|Any CPU.ActiveCfg = Release|Any CPU
		{1490D0DA-5A7D-4B1B-9600-5EA67BD3B3F0}.Release|Any CPU.Build.0 = Release|Any CPU
		{A280F4A0-5A0B-481A-BD8A-B0D402BF5078}.Debug|Any CPU.ActiveCfg = Debug|Any CPU
		{A280F4A0-5A0B-481A-BD8A-B0D402BF5078}.Debug|Any CPU.Build.0 = Debug|Any CPU
		{A280F4A0-5A0B-481A-BD8A-B0D402BF5078}.Release|Any CPU.ActiveCfg = Release|Any CPU
		{A280F4A0-5A0B-481A-BD8A-B0D402BF5078}.Release|Any CPU.Build.0 = Release|Any CPU
	EndGlobalSection
	GlobalSection(SolutionProperties) = preSolution
		HideSolutionNode = FALSE
	EndGlobalSection
	GlobalSection(ExtensibilityGlobals) = postSolution
		SolutionGuid = {6959B0AB-778D-4214-9FB7-E7F926AADA5A}
	EndGlobalSection
EndGlobal
